
Microsoft Visual Studio Solution File, Format Version 12.00
# Visual Studio Version 16
VisualStudioVersion = 16.0.29201.188
MinimumVisualStudioVersion = 10.0.40219.1
Project("{FAE04EC0-301F-11D3-BF4B-00C04F79EFBC}") = "ExcelHankakuDeKanjiInput", "ExcelHankakuDeKanjiInput\ExcelHankakuDeKanjiInput.csproj", "{AB6AD5D3-1B08-4B13-AE7F-4F045CD025CA}"
EndProject
Global
	GlobalSection(SolutionConfigurationPlatforms) = preSolution
		CD_ROM|Any CPU = CD_ROM|Any CPU
		Debug|Any CPU = Debug|Any CPU
		DVD-5|Any CPU = DVD-5|Any CPU
		Release|Any CPU = Release|Any CPU
		SingleImage|Any CPU = SingleImage|Any CPU
	EndGlobalSection
	GlobalSection(ProjectConfigurationPlatforms) = postSolution
		{AB6AD5D3-1B08-4B13-AE7F-4F045CD025CA}.CD_ROM|Any CPU.ActiveCfg = Release|Any CPU
		{AB6AD5D3-1B08-4B13-AE7F-4F045CD025CA}.CD_ROM|Any CPU.Build.0 = Release|Any CPU
		{AB6AD5D3-1B08-4B13-AE7F-4F045CD025CA}.Debug|Any CPU.ActiveCfg = Release|Any CPU
		{AB6AD5D3-1B08-4B13-AE7F-4F045CD025CA}.Debug|Any CPU.Build.0 = Release|Any CPU
		{AB6AD5D3-1B08-4B13-AE7F-4F045CD025CA}.Debug|Any CPU.Deploy.0 = Release|Any CPU
		{AB6AD5D3-1B08-4B13-AE7F-4F045CD025CA}.DVD-5|Any CPU.ActiveCfg = Debug|Any CPU
		{AB6AD5D3-1B08-4B13-AE7F-4F045CD025CA}.DVD-5|Any CPU.Build.0 = Debug|Any CPU
		{AB6AD5D3-1B08-4B13-AE7F-4F045CD025CA}.Release|Any CPU.ActiveCfg = Release|Any CPU
		{AB6AD5D3-1B08-4B13-AE7F-4F045CD025CA}.Release|Any CPU.Build.0 = Release|Any CPU
		{AB6AD5D3-1B08-4B13-AE7F-4F045CD025CA}.SingleImage|Any CPU.ActiveCfg = Release|Any CPU
		{AB6AD5D3-1B08-4B13-AE7F-4F045CD025CA}.SingleImage|Any CPU.Build.0 = Release|Any CPU
	EndGlobalSection
	GlobalSection(SolutionProperties) = preSolution
		HideSolutionNode = FALSE
	EndGlobalSection
	GlobalSection(ExtensibilityGlobals) = postSolution
		SolutionGuid = {22B91388-41CE-46AA-80E6-3594AEFFF27F}
	EndGlobalSection
EndGlobal
